<?xml version="1.0" encoding="utf-8"?>
<Project ToolsVersion="4.0" xmlns="http://schemas.microsoft.com/developer/msbuild/2003">
  <ItemGroup>
    <Filter Include="Source Files">
      <UniqueIdentifier>{4FC737F1-C7A5-4376-A066-2A32D752A2FF}</UniqueIdentifier>
      <Extensions>cpp;c;cc;cxx;def;odl;idl;hpj;bat;asm;asmx;h;hh;hpp</Extensions>
    </Filter>
    <Filter Include="Resource Files">
      <UniqueIdentifier>{67DA6AB6-F800-4c08-8B7A-83BB121AAD01}</UniqueIdentifier>
      <Extensions>rc;ico;cur;bmp;dlg;rc2;rct;bin;rgs;gif;jpg;jpeg;jpe;resx;tiff;tif;png;wav;mfcribbon-ms</Extensions>
    </Filter>
    <Filter Include="Source Files\graphic">
      <UniqueIdentifier>{4fbd129b-120a-4a80-a577-c477fd40d91e}</UniqueIdentifier>
    </Filter>
    <Filter Include="Source Files\gameplay">
      <UniqueIdentifier>{f6090cc7-9fcd-4b92-83d6-c584c9734b5f}</UniqueIdentifier>
    </Filter>
    <Filter Include="Source Files\voxel">
      <UniqueIdentifier>{8a4966bb-8b90-4f97-be3f-07063edbcbea}</UniqueIdentifier>
    </Filter>
    <Filter Include="Source Files\gamestates">
      <UniqueIdentifier>{83db6cef-38f9-4257-a23f-a5b2b1d04567}</UniqueIdentifier>
    </Filter>
    <Filter Include="Source Files\math">
      <UniqueIdentifier>{324ed5d3-1e1d-49a0-9762-090fcbcc44b8}</UniqueIdentifier>
    </Filter>
    <Filter Include="Source Files\generators">
      <UniqueIdentifier>{282fbc1e-b184-4cef-a11b-76919d91d261}</UniqueIdentifier>
    </Filter>
    <Filter Include="Source Files\input">
      <UniqueIdentifier>{3bb628ef-e624-4ab4-bd09-a60a30939490}</UniqueIdentifier>
    </Filter>
    <Filter Include="Source Files\algorithm">
      <UniqueIdentifier>{35018c71-d10d-4ffc-80d0-4ff71337ad42}</UniqueIdentifier>
    </Filter>
    <Filter Include="Source Files\utilities">
      <UniqueIdentifier>{48cb2e38-bcdc-47bb-ab0c-8e95eb1430c5}</UniqueIdentifier>
    </Filter>
    <Filter Include="Source Files\graphic\markers">
      <UniqueIdentifier>{49acab65-af0b-47dc-a5eb-501c814bf22a}</UniqueIdentifier>
    </Filter>
    <Filter Include="Source Files\graphic\core">
      <UniqueIdentifier>{352588de-8ef8-4fa0-b4eb-8b4e54c29b44}</UniqueIdentifier>
    </Filter>
    <Filter Include="Source Files\graphic\interface">
      <UniqueIdentifier>{b4cc2e4f-2261-4c4d-b53b-2a4909a4abcd}</UniqueIdentifier>
    </Filter>
    <Filter Include="Source Files\graphic\highlevel">
      <UniqueIdentifier>{14ccf921-c052-4d25-a643-293637229e0a}</UniqueIdentifier>
    </Filter>
    <Filter Include="Resource Files\postprocessing">
      <UniqueIdentifier>{dc61f87e-e68e-4ff8-9433-7e7658d9177e}</UniqueIdentifier>
    </Filter>
    <Filter Include="Source Files\dependencies">
      <UniqueIdentifier>{80c09e81-3836-4cae-8522-e413f05b47bd}</UniqueIdentifier>
    </Filter>
    <Filter Include="Source Files\dependencies\glew">
      <UniqueIdentifier>{ce0dcc39-d95f-4357-92b4-d5e5c6d6e1d1}</UniqueIdentifier>
    </Filter>
    <Filter Include="Source Files\dependencies\glfw">
      <UniqueIdentifier>{3442d994-7692-42af-b028-e664c2528e9a}</UniqueIdentifier>
    </Filter>
    <Filter Include="Source Files\dependencies\FileWatcher">
      <UniqueIdentifier>{b10c3063-c3db-4b15-abe0-25aa62f218de}</UniqueIdentifier>
    </Filter>
    <Filter Include="Source Files\dependencies\JoFileLib">
      <UniqueIdentifier>{aad1fd60-67da-4a84-85fc-0450a7ce9308}</UniqueIdentifier>
    </Filter>
  </ItemGroup>
  <ItemGroup>
    <ClCompile Include="src\game.cpp">
      <Filter>Source Files</Filter>
    </ClCompile>
    <ClCompile Include="src\voxel\model.cpp">
      <Filter>Source Files\voxel</Filter>
    </ClCompile>
    <ClCompile Include="src\voxel\chunk.cpp">
      <Filter>Source Files\voxel</Filter>
    </ClCompile>
    <ClCompile Include="src\main.cpp">
      <Filter>Source Files</Filter>
    </ClCompile>
    <ClCompile Include="src\math\matrix.cpp">
      <Filter>Source Files\math</Filter>
    </ClCompile>
    <ClCompile Include="src\generators\asteroid.cpp">
      <Filter>Source Files\generators</Filter>
    </ClCompile>
    <ClCompile Include="src\generators\random.cpp">
      <Filter>Source Files\generators</Filter>
    </ClCompile>
    <ClCompile Include="src\timer.cpp">
      <Filter>Source Files</Filter>
    </ClCompile>
    <ClCompile Include="src\input\input.cpp">
      <Filter>Source Files\input</Filter>
    </ClCompile>
    <ClCompile Include="src\input\camera.cpp">
      <Filter>Source Files\input</Filter>
    </ClCompile>
    <ClCompile Include="src\math\sphere.cpp">
      <Filter>Source Files\math</Filter>
    </ClCompile>
    <ClCompile Include="src\graphic\content.cpp">
      <Filter>Source Files\graphic</Filter>
    </ClCompile>
    <ClCompile Include="src\utilities\color.cpp">
      <Filter>Source Files\utilities</Filter>
    </ClCompile>
    <ClCompile Include="src\math\quaternion.cpp">
      <Filter>Source Files\math</Filter>
    </ClCompile>
    <ClCompile Include="src\math\intersection.cpp">
      <Filter>Source Files\math</Filter>
    </ClCompile>
    <ClCompile Include="src\voxel\material.cpp">
      <Filter>Source Files\voxel</Filter>
    </ClCompile>
    <ClCompile Include="src\gamestates\gsmainmenu.cpp">
      <Filter>Source Files\gamestates</Filter>
    </ClCompile>
    <ClCompile Include="src\gamestates\gsplay.cpp">
      <Filter>Source Files\gamestates</Filter>
    </ClCompile>
    <ClCompile Include="src\voxel\voxel.cpp">
      <Filter>Source Files\voxel</Filter>
    </ClCompile>
    <ClCompile Include="src\utilities\logger.cpp">
      <Filter>Source Files\utilities</Filter>
    </ClCompile>
    <ClCompile Include="src\utilities\policy.cpp">
      <Filter>Source Files\utilities</Filter>
    </ClCompile>
    <ClCompile Include="src\graphic\marker\wireframerenderer.cpp">
      <Filter>Source Files\graphic\markers</Filter>
    </ClCompile>
    <ClCompile Include="src\graphic\marker\grid.cpp">
      <Filter>Source Files\graphic\markers</Filter>
    </ClCompile>
    <ClCompile Include="src\graphic\core\blendstate.cpp">
      <Filter>Source Files\graphic\core</Filter>
    </ClCompile>
    <ClCompile Include="src\graphic\core\depthstencilstate.cpp">
      <Filter>Source Files\graphic\core</Filter>
    </ClCompile>
    <ClCompile Include="src\graphic\core\device.cpp">
      <Filter>Source Files\graphic\core</Filter>
    </ClCompile>
    <ClCompile Include="src\graphic\core\effect.cpp">
      <Filter>Source Files\graphic\core</Filter>
    </ClCompile>
    <ClCompile Include="src\graphic\core\framebuffer.cpp">
      <Filter>Source Files\graphic\core</Filter>
    </ClCompile>
    <ClCompile Include="src\graphic\core\rasterizerstate.cpp">
      <Filter>Source Files\graphic\core</Filter>
    </ClCompile>
    <ClCompile Include="src\graphic\core\samplerstate.cpp">
      <Filter>Source Files\graphic\core</Filter>
    </ClCompile>
    <ClCompile Include="src\graphic\core\texture.cpp">
      <Filter>Source Files\graphic\core</Filter>
    </ClCompile>
    <ClCompile Include="src\graphic\core\uniformbuffer.cpp">
      <Filter>Source Files\graphic\core</Filter>
    </ClCompile>
    <ClCompile Include="src\graphic\core\vertexbuffer.cpp">
      <Filter>Source Files\graphic\core</Filter>
    </ClCompile>
    <ClCompile Include="src\graphic\interface\font.cpp">
      <Filter>Source Files\graphic\interface</Filter>
    </ClCompile>
    <ClCompile Include="src\graphic\interface\hud.cpp">
      <Filter>Source Files\graphic\interface</Filter>
    </ClCompile>
    <ClCompile Include="src\graphic\interface\hudelements.cpp">
      <Filter>Source Files\graphic\interface</Filter>
    </ClCompile>
    <ClCompile Include="src\gamestates\gseditor.cpp">
      <Filter>Source Files\gamestates</Filter>
    </ClCompile>
    <ClCompile Include="src\gamestates\gsgraphicopt.cpp">
      <Filter>Source Files\gamestates</Filter>
    </ClCompile>
    <ClCompile Include="src\gamestates\gsinputopt.cpp">
      <Filter>Source Files\gamestates</Filter>
    </ClCompile>
    <ClCompile Include="src\gamestates\gssoundopt.cpp">
      <Filter>Source Files\gamestates</Filter>
    </ClCompile>
    <ClCompile Include="src\gamestates\gseditorchoice.cpp">
      <Filter>Source Files\gamestates</Filter>
    </ClCompile>
    <ClCompile Include="src\gamestates\gsgameplayopt.cpp">
      <Filter>Source Files\gamestates</Filter>
    </ClCompile>
    <ClCompile Include="src\resources.cpp">
      <Filter>Source Files</Filter>
    </ClCompile>
    <ClCompile Include="src\graphic\core\opengl.cpp">
      <Filter>Source Files\graphic\core</Filter>
    </ClCompile>
    <ClCompile Include="src\graphic\core\scissor.cpp">
      <Filter>Source Files\graphic\core</Filter>
    </ClCompile>
    <ClCompile Include="src\graphic\marker\box.cpp">
      <Filter>Source Files\graphic\markers</Filter>
    </ClCompile>
    <ClCompile Include="src\math\transformation.cpp">
      <Filter>Source Files\math</Filter>
    </ClCompile>
    <ClCompile Include="src\graphic\highlevel\postprocessing.cpp">
      <Filter>Source Files\graphic\highlevel</Filter>
    </ClCompile>
    <ClCompile Include="src\graphic\highlevel\screenalignedtriangle.cpp">
      <Filter>Source Files\graphic\highlevel</Filter>
    </ClCompile>
    <ClCompile Include="src\utilities\assert.cpp">
      <Filter>Source Files\utilities</Filter>
    </ClCompile>
    <ClCompile Include="src\utilities\pathutils.cpp">
      <Filter>Source Files\utilities</Filter>
    </ClCompile>
    <ClCompile Include="src\gameplay\drive.cpp">
      <Filter>Source Files\gameplay</Filter>
    </ClCompile>
    <ClCompile Include="src\gameloop.cpp">
      <Filter>Source Files</Filter>
    </ClCompile>
    <ClCompile Include="src\exceptions.cpp">
      <Filter>Source Files</Filter>
    </ClCompile>
    <ClCompile Include="src\graphic\marker\sphericalfunction.cpp">
      <Filter>Source Files\graphic\markers</Filter>
    </ClCompile>
    <ClCompile Include="src\gameplay\scenegraph.cpp">
      <Filter>Source Files\gameplay</Filter>
    </ClCompile>
    <ClCompile Include="src\gameplay\starsystem.cpp">
      <Filter>Source Files\gameplay</Filter>
    </ClCompile>
    <ClCompile Include="src\gameplay\galaxy.cpp">
      <Filter>Source Files\gameplay</Filter>
    </ClCompile>
  </ItemGroup>
  <ItemGroup>
    <ClCompile Include="src\game.cpp">
      <Filter>Source Files</Filter>
    </ClCompile>
    <ClCompile Include="src\voxel\model.cpp">
      <Filter>Source Files\voxel</Filter>
    </ClCompile>
    <ClCompile Include="src\voxel\chunk.cpp">
      <Filter>Source Files\voxel</Filter>
    </ClCompile>
    <ClCompile Include="src\main.cpp">
      <Filter>Source Files</Filter>
    </ClCompile>
    <ClCompile Include="src\math\matrix.cpp">
      <Filter>Source Files\math</Filter>
    </ClCompile>
    <ClCompile Include="src\generators\asteroid.cpp">
      <Filter>Source Files\generators</Filter>
    </ClCompile>
    <ClCompile Include="src\generators\random.cpp">
      <Filter>Source Files\generators</Filter>
    </ClCompile>
    <ClCompile Include="src\timer.cpp">
      <Filter>Source Files</Filter>
    </ClCompile>
    <ClCompile Include="src\input\input.cpp">
      <Filter>Source Files\input</Filter>
    </ClCompile>
    <ClCompile Include="src\input\camera.cpp">
      <Filter>Source Files\input</Filter>
    </ClCompile>
    <ClCompile Include="src\math\sphere.cpp">
      <Filter>Source Files\math</Filter>
    </ClCompile>
    <ClCompile Include="src\graphic\content.cpp">
      <Filter>Source Files\graphic</Filter>
    </ClCompile>
    <ClCompile Include="src\utilities\color.cpp">
      <Filter>Source Files\utilities</Filter>
    </ClCompile>
    <ClCompile Include="src\math\quaternion.cpp">
      <Filter>Source Files\math</Filter>
    </ClCompile>
    <ClCompile Include="src\math\intersection.cpp">
      <Filter>Source Files\math</Filter>
    </ClCompile>
    <ClCompile Include="src\voxel\material.cpp">
      <Filter>Source Files\voxel</Filter>
    </ClCompile>
    <ClCompile Include="src\gamestates\gsmainmenu.cpp">
      <Filter>Source Files\gamestates</Filter>
    </ClCompile>
    <ClCompile Include="src\gamestates\gsplay.cpp">
      <Filter>Source Files\gamestates</Filter>
    </ClCompile>
    <ClCompile Include="src\voxel\voxel.cpp">
      <Filter>Source Files\voxel</Filter>
    </ClCompile>
    <ClCompile Include="src\utilities\logger.cpp">
      <Filter>Source Files\utilities</Filter>
    </ClCompile>
    <ClCompile Include="src\utilities\policy.cpp">
      <Filter>Source Files\utilities</Filter>
    </ClCompile>
    <ClCompile Include="src\graphic\marker\wireframerenderer.cpp">
      <Filter>Source Files\graphic\markers</Filter>
    </ClCompile>
    <ClCompile Include="src\graphic\marker\grid.cpp">
      <Filter>Source Files\graphic\markers</Filter>
    </ClCompile>
    <ClCompile Include="src\graphic\core\blendstate.cpp">
      <Filter>Source Files\graphic\core</Filter>
    </ClCompile>
    <ClCompile Include="src\graphic\core\depthstencilstate.cpp">
      <Filter>Source Files\graphic\core</Filter>
    </ClCompile>
    <ClCompile Include="src\graphic\core\device.cpp">
      <Filter>Source Files\graphic\core</Filter>
    </ClCompile>
    <ClCompile Include="src\graphic\core\effect.cpp">
      <Filter>Source Files\graphic\core</Filter>
    </ClCompile>
    <ClCompile Include="src\graphic\core\framebuffer.cpp">
      <Filter>Source Files\graphic\core</Filter>
    </ClCompile>
    <ClCompile Include="src\graphic\core\rasterizerstate.cpp">
      <Filter>Source Files\graphic\core</Filter>
    </ClCompile>
    <ClCompile Include="src\graphic\core\samplerstate.cpp">
      <Filter>Source Files\graphic\core</Filter>
    </ClCompile>
    <ClCompile Include="src\graphic\core\texture.cpp">
      <Filter>Source Files\graphic\core</Filter>
    </ClCompile>
    <ClCompile Include="src\graphic\core\uniformbuffer.cpp">
      <Filter>Source Files\graphic\core</Filter>
    </ClCompile>
    <ClCompile Include="src\graphic\core\vertexbuffer.cpp">
      <Filter>Source Files\graphic\core</Filter>
    </ClCompile>
    <ClCompile Include="src\graphic\interface\font.cpp">
      <Filter>Source Files\graphic\interface</Filter>
    </ClCompile>
    <ClCompile Include="src\graphic\interface\hud.cpp">
      <Filter>Source Files\graphic\interface</Filter>
    </ClCompile>
    <ClCompile Include="src\graphic\interface\hudelements.cpp">
      <Filter>Source Files\graphic\interface</Filter>
    </ClCompile>
    <ClCompile Include="src\gamestates\gseditor.cpp">
      <Filter>Source Files\gamestates</Filter>
    </ClCompile>
    <ClCompile Include="src\gamestates\gsgraphicopt.cpp">
      <Filter>Source Files\gamestates</Filter>
    </ClCompile>
    <ClCompile Include="src\gamestates\gsinputopt.cpp">
      <Filter>Source Files\gamestates</Filter>
    </ClCompile>
    <ClCompile Include="src\gamestates\gssoundopt.cpp">
      <Filter>Source Files\gamestates</Filter>
    </ClCompile>
    <ClCompile Include="src\gamestates\gseditorchoice.cpp">
      <Filter>Source Files\gamestates</Filter>
    </ClCompile>
    <ClCompile Include="src\gamestates\gsgameplayopt.cpp">
      <Filter>Source Files\gamestates</Filter>
    </ClCompile>
    <ClCompile Include="src\resources.cpp">
      <Filter>Source Files</Filter>
    </ClCompile>
    <ClCompile Include="src\graphic\core\opengl.cpp">
      <Filter>Source Files\graphic\core</Filter>
    </ClCompile>
    <ClCompile Include="src\graphic\core\scissor.cpp">
      <Filter>Source Files\graphic\core</Filter>
    </ClCompile>
    <ClCompile Include="src\graphic\marker\box.cpp">
      <Filter>Source Files\graphic\markers</Filter>
    </ClCompile>
    <ClCompile Include="src\math\transformation.cpp">
      <Filter>Source Files\math</Filter>
    </ClCompile>
    <ClCompile Include="src\graphic\highlevel\postprocessing.cpp">
      <Filter>Source Files\graphic\highlevel</Filter>
    </ClCompile>
    <ClCompile Include="src\graphic\highlevel\screenalignedtriangle.cpp">
      <Filter>Source Files\graphic\highlevel</Filter>
    </ClCompile>
    <ClCompile Include="src\utilities\assert.cpp">
      <Filter>Source Files\utilities</Filter>
    </ClCompile>
    <ClCompile Include="dependencies\FileWatcher\FileWatcherLinux.cpp">
      <Filter>Source Files\dependencies\FileWatcher</Filter>
    </ClCompile>
    <ClCompile Include="dependencies\FileWatcher\FileWatcherOSX.cpp">
      <Filter>Source Files\dependencies\FileWatcher</Filter>
    </ClCompile>
    <ClCompile Include="dependencies\FileWatcher\FileWatcherWin32.cpp">
      <Filter>Source Files\dependencies\FileWatcher</Filter>
    </ClCompile>
    <ClCompile Include="dependencies\FileWatcher\FileWatcher.cpp">
      <Filter>Source Files\dependencies\FileWatcher</Filter>
    </ClCompile>
    <ClCompile Include="src\math\ray.cpp">
      <Filter>Source Files\math</Filter>
    </ClCompile>
  </ItemGroup>
  <ItemGroup>
    <ClInclude Include="src\game.hpp">
      <Filter>Source Files</Filter>
    </ClInclude>
    <ClInclude Include="src\voxel\model.hpp">
      <Filter>Source Files\voxel</Filter>
    </ClInclude>
    <ClInclude Include="src\voxel\chunk.hpp">
      <Filter>Source Files\voxel</Filter>
    </ClInclude>
    <ClInclude Include="src\math\matrix.hpp">
      <Filter>Source Files\math</Filter>
    </ClInclude>
    <ClInclude Include="src\math\plane.hpp">
      <Filter>Source Files\math</Filter>
    </ClInclude>
    <ClInclude Include="src\math\math.hpp">
      <Filter>Source Files\math</Filter>
    </ClInclude>
    <ClInclude Include="src\math\mathbase.hpp">
      <Filter>Source Files\math</Filter>
    </ClInclude>
    <ClInclude Include="src\voxel\voxel.hpp">
      <Filter>Source Files\voxel</Filter>
    </ClInclude>
    <ClInclude Include="src\generators\asteroid.hpp">
      <Filter>Source Files\generators</Filter>
    </ClInclude>
    <ClInclude Include="src\generators\random.hpp">
      <Filter>Source Files\generators</Filter>
    </ClInclude>
    <ClInclude Include="src\timer.hpp">
      <Filter>Source Files</Filter>
    </ClInclude>
    <ClInclude Include="src\input\input.hpp">
      <Filter>Source Files\input</Filter>
    </ClInclude>
    <ClInclude Include="src\input\camera.hpp">
      <Filter>Source Files\input</Filter>
    </ClInclude>
    <ClInclude Include="src\predeclarations.hpp">
      <Filter>Source Files</Filter>
    </ClInclude>
    <ClInclude Include="src\math\sphere.hpp">
      <Filter>Source Files\math</Filter>
    </ClInclude>
    <ClInclude Include="src\algorithm\smallsort.hpp">
      <Filter>Source Files\algorithm</Filter>
    </ClInclude>
    <ClInclude Include="src\graphic\content.hpp">
      <Filter>Source Files\graphic</Filter>
    </ClInclude>
    <ClInclude Include="src\utilities\color.hpp">
      <Filter>Source Files\utilities</Filter>
    </ClInclude>
    <ClInclude Include="src\voxel\sparseoctree.hpp">
      <Filter>Source Files\voxel</Filter>
    </ClInclude>
    <ClInclude Include="src\math\vector.hpp">
      <Filter>Source Files\math</Filter>
    </ClInclude>
    <ClInclude Include="src\math\quaternion.hpp">
      <Filter>Source Files\math</Filter>
    </ClInclude>
    <ClInclude Include="src\math\ray.hpp">
      <Filter>Source Files\math</Filter>
    </ClInclude>
    <ClInclude Include="src\math\intersection.hpp">
      <Filter>Source Files\math</Filter>
    </ClInclude>
    <ClInclude Include="src\voxel\material.hpp">
      <Filter>Source Files\voxel</Filter>
    </ClInclude>
    <ClInclude Include="src\gamestates\gamestatebase.hpp">
      <Filter>Source Files\gamestates</Filter>
    </ClInclude>
    <ClInclude Include="src\gamestates\gsmainmenu.hpp">
      <Filter>Source Files\gamestates</Filter>
    </ClInclude>
    <ClInclude Include="src\gamestates\gsplay.hpp">
      <Filter>Source Files\gamestates</Filter>
    </ClInclude>
    <ClInclude Include="src\voxel\component.hpp">
      <Filter>Source Files\voxel</Filter>
    </ClInclude>
    <ClInclude Include="src\utilities\loggerinit.hpp">
      <Filter>Source Files\utilities</Filter>
    </ClInclude>
    <ClInclude Include="src\utilities\policy.hpp">
      <Filter>Source Files\utilities</Filter>
    </ClInclude>
    <ClInclude Include="src\utilities\logger.hpp">
      <Filter>Source Files\utilities</Filter>
    </ClInclude>
    <ClInclude Include="src\graphic\marker\wireframerenderer.hpp">
      <Filter>Source Files\graphic\markers</Filter>
    </ClInclude>
    <ClInclude Include="src\graphic\marker\grid.hpp">
      <Filter>Source Files\graphic\markers</Filter>
    </ClInclude>
    <ClInclude Include="src\graphic\core\blendstate.hpp">
      <Filter>Source Files\graphic\core</Filter>
    </ClInclude>
    <ClInclude Include="src\graphic\core\depthstencilstate.hpp">
      <Filter>Source Files\graphic\core</Filter>
    </ClInclude>
    <ClInclude Include="src\graphic\core\device.hpp">
      <Filter>Source Files\graphic\core</Filter>
    </ClInclude>
    <ClInclude Include="src\graphic\core\effect.hpp">
      <Filter>Source Files\graphic\core</Filter>
    </ClInclude>
    <ClInclude Include="src\graphic\core\framebuffer.hpp">
      <Filter>Source Files\graphic\core</Filter>
    </ClInclude>
    <ClInclude Include="src\graphic\core\rasterizerstate.hpp">
      <Filter>Source Files\graphic\core</Filter>
    </ClInclude>
    <ClInclude Include="src\graphic\core\samplerstate.hpp">
      <Filter>Source Files\graphic\core</Filter>
    </ClInclude>
    <ClInclude Include="src\graphic\core\texture.hpp">
      <Filter>Source Files\graphic\core</Filter>
    </ClInclude>
    <ClInclude Include="src\graphic\core\uniformbuffer.hpp">
      <Filter>Source Files\graphic\core</Filter>
    </ClInclude>
    <ClInclude Include="src\graphic\core\vertexbuffer.hpp">
      <Filter>Source Files\graphic\core</Filter>
    </ClInclude>
    <ClInclude Include="src\graphic\interface\hud.hpp">
      <Filter>Source Files\graphic\interface</Filter>
    </ClInclude>
    <ClInclude Include="src\graphic\interface\hudelements.hpp">
      <Filter>Source Files\graphic\interface</Filter>
    </ClInclude>
    <ClInclude Include="src\gamestates\gseditor.hpp">
      <Filter>Source Files\gamestates</Filter>
    </ClInclude>
    <ClInclude Include="src\gamestates\gsgraphicopt.hpp">
      <Filter>Source Files\gamestates</Filter>
    </ClInclude>
    <ClInclude Include="src\gamestates\gsinputopt.hpp">
      <Filter>Source Files\gamestates</Filter>
    </ClInclude>
    <ClInclude Include="src\gamestates\gssoundopt.hpp">
      <Filter>Source Files\gamestates</Filter>
    </ClInclude>
    <ClInclude Include="src\gamestates\gseditorchoice.hpp">
      <Filter>Source Files\gamestates</Filter>
    </ClInclude>
    <ClInclude Include="src\gamestates\gsgameplayopt.hpp">
      <Filter>Source Files\gamestates</Filter>
    </ClInclude>
    <ClInclude Include="src\resources.hpp">
      <Filter>Source Files</Filter>
    </ClInclude>
    <ClInclude Include="src\graphic\core\opengl.hpp">
      <Filter>Source Files\graphic\core</Filter>
    </ClInclude>
    <ClInclude Include="src\graphic\core\scissor.hpp">
      <Filter>Source Files\graphic\core</Filter>
    </ClInclude>
    <ClInclude Include="src\graphic\marker\box.hpp">
      <Filter>Source Files\graphic\markers</Filter>
    </ClInclude>
    <ClInclude Include="src\math\fixedpoint.hpp">
      <Filter>Source Files\math</Filter>
    </ClInclude>
    <ClInclude Include="src\math\transformation.hpp">
      <Filter>Source Files\math</Filter>
    </ClInclude>
    <ClInclude Include="src\graphic\highlevel\postprocessing.h">
      <Filter>Source Files\graphic\highlevel</Filter>
    </ClInclude>
    <ClInclude Include="src\graphic\highlevel\screenalignedtriangle.h">
      <Filter>Source Files\graphic\highlevel</Filter>
    </ClInclude>
    <ClInclude Include="src\utilities\assert.hpp">
      <Filter>Source Files\utilities</Filter>
    </ClInclude>
    <ClInclude Include="dependencies\JoFileLib\include\hybridarray.hpp">
      <Filter>Source Files\dependencies\JoFileLib</Filter>
    </ClInclude>
    <ClInclude Include="dependencies\JoFileLib\include\imagewrapper.hpp">
      <Filter>Source Files\dependencies\JoFileLib</Filter>
    </ClInclude>
    <ClInclude Include="dependencies\JoFileLib\include\jofilelib.hpp">
      <Filter>Source Files\dependencies\JoFileLib</Filter>
    </ClInclude>
    <ClInclude Include="dependencies\JoFileLib\include\memfile.hpp">
      <Filter>Source Files\dependencies\JoFileLib</Filter>
    </ClInclude>
    <ClInclude Include="dependencies\JoFileLib\include\plattform.hpp">
      <Filter>Source Files\dependencies\JoFileLib</Filter>
    </ClInclude>
    <ClInclude Include="dependencies\JoFileLib\include\poolallocator.hpp">
      <Filter>Source Files\dependencies\JoFileLib</Filter>
    </ClInclude>
    <ClInclude Include="dependencies\JoFileLib\include\streamreader.hpp">
      <Filter>Source Files\dependencies\JoFileLib</Filter>
    </ClInclude>
    <ClInclude Include="dependencies\JoFileLib\include\file.hpp">
      <Filter>Source Files\dependencies\JoFileLib</Filter>
    </ClInclude>
    <ClInclude Include="dependencies\JoFileLib\include\fileutils.hpp">
      <Filter>Source Files\dependencies\JoFileLib</Filter>
    </ClInclude>
    <ClInclude Include="dependencies\JoFileLib\include\filewrapper.hpp">
      <Filter>Source Files\dependencies\JoFileLib</Filter>
    </ClInclude>
    <ClInclude Include="dependencies\JoFileLib\include\hddfile.hpp">
      <Filter>Source Files\dependencies\JoFileLib</Filter>
    </ClInclude>
    <ClInclude Include="dependencies\glfw-3.0.3\include\GLFW\glfw3native.h">
      <Filter>Source Files\dependencies\glfw</Filter>
    </ClInclude>
    <ClInclude Include="dependencies\glfw-3.0.3\include\GLFW\glfw3.h">
      <Filter>Source Files\dependencies\glfw</Filter>
    </ClInclude>
    <ClInclude Include="dependencies\glew-1.10.0\include\GL\glxew.h">
      <Filter>Source Files\dependencies\glew</Filter>
    </ClInclude>
    <ClInclude Include="dependencies\glew-1.10.0\include\GL\wglew.h">
      <Filter>Source Files\dependencies\glew</Filter>
    </ClInclude>
    <ClInclude Include="dependencies\glew-1.10.0\include\GL\glew.h">
      <Filter>Source Files\dependencies\glew</Filter>
    </ClInclude>
    <ClInclude Include="dependencies\FileWatcher\FileWatcherLinux.h">
      <Filter>Source Files\dependencies\FileWatcher</Filter>
    </ClInclude>
    <ClInclude Include="dependencies\FileWatcher\FileWatcherOSX.h">
      <Filter>Source Files\dependencies\FileWatcher</Filter>
    </ClInclude>
    <ClInclude Include="dependencies\FileWatcher\FileWatcherWin32.h">
      <Filter>Source Files\dependencies\FileWatcher</Filter>
    </ClInclude>
    <ClInclude Include="dependencies\FileWatcher\FileWatcher.h">
      <Filter>Source Files\dependencies\FileWatcher</Filter>
    </ClInclude>
    <ClInclude Include="dependencies\FileWatcher\FileWatcherImpl.h">
      <Filter>Source Files\dependencies\FileWatcher</Filter>
    </ClInclude>
    <ClInclude Include="src\utilities\pathutils.hpp">
      <Filter>Source Files\utilities</Filter>
    </ClInclude>
    <ClInclude Include="src\utilities\flagoperators.hpp">
      <Filter>Source Files\input</Filter>
    </ClInclude>
    <ClInclude Include="src\math\sphericalfunction.hpp">
      <Filter>Source Files\math</Filter>
    </ClInclude>
    <ClInclude Include="src\gameplay\drive.hpp">
      <Filter>Source Files\gameplay</Filter>
    </ClInclude>
    <ClInclude Include="src\gameloop.hpp">
      <Filter>Source Files</Filter>
    </ClInclude>
    <ClInclude Include="src\exceptions.hpp">
      <Filter>Source Files</Filter>
    </ClInclude>
    <ClInclude Include="src\utilities\scopedpointer.hpp">
      <Filter>Source Files\utilities</Filter>
    </ClInclude>
    <ClInclude Include="src\graphic\marker\sphericalfunciton.hpp">
      <Filter>Source Files\graphic\markers</Filter>
    </ClInclude>
    <ClInclude Include="src\graphic\interface\font.hpp">
      <Filter>Source Files\graphic\interface</Filter>
    </ClInclude>
    <ClInclude Include="src\gameplay\scenegraph.hpp">
      <Filter>Source Files\gameplay</Filter>
    </ClInclude>
    <ClInclude Include="src\gameplay\componentcontainer.hpp">
      <Filter>Source Files\gameplay</Filter>
    </ClInclude>
    <ClInclude Include="src\math\box.hpp">
      <Filter>Source Files\math</Filter>
    </ClInclude>
    <ClInclude Include="src\gameplay\sceneobject.hpp">
      <Filter>Source Files\gameplay</Filter>
    </ClInclude>
    <ClInclude Include="src\utilities\threadsafebuffer.hpp">
      <Filter>Source Files\utilities</Filter>
    </ClInclude>
    <ClInclude Include="src\gameplay\starsystem.hpp">
      <Filter>Source Files\gameplay</Filter>
    </ClInclude>
    <ClInclude Include="src\gameplay\galaxy.hpp">
      <Filter>Source Files\gameplay</Filter>
    </ClInclude>
  </ItemGroup>
  <ItemGroup>
    <None Include="shader\voxel.ps">
      <Filter>Resource Files</Filter>
    </None>
    <None Include="shader\voxel.vs">
      <Filter>Resource Files</Filter>
    </None>
    <None Include="shader\voxel.gs">
      <Filter>Resource Files</Filter>
    </None>
    <None Include="shader\font.ps">
      <Filter>Resource Files</Filter>
    </None>
    <None Include="shader\font.vs">
      <Filter>Resource Files</Filter>
    </None>
    <None Include="shader\font.gs">
      <Filter>Resource Files</Filter>
    </None>
    <None Include="shader\screentex.gs">
      <Filter>Resource Files</Filter>
    </None>
    <None Include="shader\screentex.ps">
      <Filter>Resource Files</Filter>
    </None>
    <None Include="shader\screentex.vs">
      <Filter>Resource Files</Filter>
    </None>
    <None Include="shader\wire.ps">
      <Filter>Resource Files</Filter>
    </None>
    <None Include="shader\wire.vs">
      <Filter>Resource Files</Filter>
    </None>
    <None Include="shader\beam.ps">
      <Filter>Resource Files</Filter>
    </None>
    <None Include="shader\beam.vs">
      <Filter>Resource Files</Filter>
    </None>
    <None Include="shader\beam.gs">
      <Filter>Resource Files</Filter>
    </None>
    <None Include="shader\postprocessing\output.ps">
      <Filter>Resource Files\postprocessing</Filter>
    </None>
    <None Include="shader\postprocessing\screentri.vs">
      <Filter>Resource Files\postprocessing</Filter>
    </None>
    <None Include="shader\postprocessing\ambientocclusion.ps">
      <Filter>Resource Files\postprocessing</Filter>
    </None>
    <None Include="shader\globalubo.glsl">
      <Filter>Resource Files</Filter>
    </None>
    <None Include="shader\utils.glsl">
      <Filter>Resource Files</Filter>
    </None>
    <None Include="shader\postprocessing\ambientocclusionblur.ps">
      <Filter>Resource Files\postprocessing</Filter>
    </None>
    <None Include="shader\backgroundstar.gs">
      <Filter>Resource Files</Filter>
    </None>
    <None Include="shader\backgroundstar.ps">
      <Filter>Resource Files</Filter>
    </None>
    <None Include="shader\backgroundstar.vs">
      <Filter>Resource Files</Filter>
    </None>
  </ItemGroup>
  <ItemGroup>
    <Text Include="dependencies\FileWatcher\License.txt">
      <Filter>Source Files\dependencies\FileWatcher</Filter>
    </Text>
  </ItemGroup>
</Project>