<?xml version="1.0" encoding="utf-8"?>
<Project ToolsVersion="4.0" xmlns="http://schemas.microsoft.com/developer/msbuild/2003">
  <ItemGroup>
    <Filter Include="Source Files">
      <UniqueIdentifier>{4FC737F1-C7A5-4376-A066-2A32D752A2FF}</UniqueIdentifier>
      <Extensions>cpp;c;cc;cxx;def;odl;idl;hpj;bat;asm;asmx;h;hh;hpp</Extensions>
    </Filter>
    <Filter Include="Resource Files">
      <UniqueIdentifier>{67DA6AB6-F800-4c08-8B7A-83BB121AAD01}</UniqueIdentifier>
      <Extensions>rc;ico;cur;bmp;dlg;rc2;rct;bin;rgs;gif;jpg;jpeg;jpe;resx;tiff;tif;png;wav;mfcribbon-ms</Extensions>
    </Filter>
    <Filter Include="Source Files\graphic">
      <UniqueIdentifier>{4fbd129b-120a-4a80-a577-c477fd40d91e}</UniqueIdentifier>
    </Filter>
    <Filter Include="Source Files\gameplay">
      <UniqueIdentifier>{f6090cc7-9fcd-4b92-83d6-c584c9734b5f}</UniqueIdentifier>
    </Filter>
    <Filter Include="Source Files\voxel">
      <UniqueIdentifier>{8a4966bb-8b90-4f97-be3f-07063edbcbea}</UniqueIdentifier>
    </Filter>
    <Filter Include="Source Files\gamestates">
      <UniqueIdentifier>{83db6cef-38f9-4257-a23f-a5b2b1d04567}</UniqueIdentifier>
    </Filter>
    <Filter Include="Source Files\math">
      <UniqueIdentifier>{324ed5d3-1e1d-49a0-9762-090fcbcc44b8}</UniqueIdentifier>
    </Filter>
    <Filter Include="Source Files\generators">
      <UniqueIdentifier>{282fbc1e-b184-4cef-a11b-76919d91d261}</UniqueIdentifier>
    </Filter>
    <Filter Include="Source Files\input">
      <UniqueIdentifier>{3bb628ef-e624-4ab4-bd09-a60a30939490}</UniqueIdentifier>
    </Filter>
  </ItemGroup>
  <ItemGroup>
    <ClCompile Include="src\game.cpp">
      <Filter>Source Files</Filter>
    </ClCompile>
    <ClCompile Include="src\graphic\texture.cpp">
      <Filter>Source Files\graphic</Filter>
    </ClCompile>
    <ClCompile Include="src\graphic\device.cpp">
      <Filter>Source Files\graphic</Filter>
    </ClCompile>
    <ClCompile Include="src\graphic\framebuffer.cpp">
      <Filter>Source Files\graphic</Filter>
    </ClCompile>
    <ClCompile Include="src\voxel\model.cpp">
      <Filter>Source Files\voxel</Filter>
    </ClCompile>
    <ClCompile Include="src\voxel\chunk.cpp">
      <Filter>Source Files\voxel</Filter>
    </ClCompile>
    <ClCompile Include="src\graphic\effect.cpp">
      <Filter>Source Files\graphic</Filter>
    </ClCompile>
    <ClCompile Include="src\graphic\rasterizerstate.cpp">
      <Filter>Source Files\graphic</Filter>
    </ClCompile>
    <ClCompile Include="src\graphic\samplerstate.cpp">
      <Filter>Source Files\graphic</Filter>
    </ClCompile>
    <ClCompile Include="src\graphic\blendstate.cpp">
      <Filter>Source Files\graphic</Filter>
    </ClCompile>
    <ClCompile Include="src\graphic\depthstencilstate.cpp">
      <Filter>Source Files\graphic</Filter>
    </ClCompile>
    <ClCompile Include="src\main.cpp">
      <Filter>Source Files</Filter>
    </ClCompile>
    <ClCompile Include="src\gamestates\gsmain.cpp">
      <Filter>Source Files\gamestates</Filter>
    </ClCompile>
    <ClCompile Include="src\graphic\uniformbuffer.cpp">
      <Filter>Source Files\graphic</Filter>
    </ClCompile>
    <ClCompile Include="src\graphic\vertexbuffer.cpp">
      <Filter>Source Files\graphic</Filter>
    </ClCompile>
    <ClCompile Include="src\math\matrix.cpp">
      <Filter>Source Files\math</Filter>
    </ClCompile>
    <ClCompile Include="src\math\vector2.cpp">
      <Filter>Source Files\math</Filter>
    </ClCompile>
    <ClCompile Include="src\math\vector3.cpp">
      <Filter>Source Files\math</Filter>
    </ClCompile>
    <ClCompile Include="src\math\vector4.cpp">
      <Filter>Source Files\math</Filter>
    </ClCompile>
    <ClCompile Include="src\generators\asteroid.cpp">
      <Filter>Source Files\generators</Filter>
    </ClCompile>
    <ClCompile Include="src\opengl.cpp">
      <Filter>Source Files</Filter>
    </ClCompile>
    <ClCompile Include="src\graphic\font.cpp">
      <Filter>Source Files\graphic</Filter>
    </ClCompile>
    <ClCompile Include="src\generators\random.cpp">
      <Filter>Source Files\generators</Filter>
    </ClCompile>
    <ClCompile Include="src\timer.cpp">
      <Filter>Source Files</Filter>
    </ClCompile>
    <ClCompile Include="src\input\input.cpp">
      <Filter>Source Files\input</Filter>
    </ClCompile>
    <ClCompile Include="src\input\camera.cpp">
      <Filter>Source Files\input</Filter>
    </ClCompile>
    <ClCompile Include="src\math\sphere.cpp">
      <Filter>Source Files\math</Filter>
    </ClCompile>
    <ClCompile Include="src\graphic\content.cpp">
      <Filter>Source Files\graphic</Filter>
    </ClCompile>
  </ItemGroup>
  <ItemGroup>
    <ClInclude Include="src\game.hpp">
      <Filter>Source Files</Filter>
    </ClInclude>
    <ClInclude Include="src\graphic\framebuffer.hpp">
      <Filter>Source Files\graphic</Filter>
    </ClInclude>
    <ClInclude Include="src\graphic\texture.hpp">
      <Filter>Source Files\graphic</Filter>
    </ClInclude>
    <ClInclude Include="src\graphic\device.hpp">
      <Filter>Source Files\graphic</Filter>
    </ClInclude>
    <ClInclude Include="src\voxel\model.hpp">
      <Filter>Source Files\voxel</Filter>
    </ClInclude>
    <ClInclude Include="src\voxel\chunk.hpp">
      <Filter>Source Files\voxel</Filter>
    </ClInclude>
    <ClInclude Include="src\graphic\effect.hpp">
      <Filter>Source Files\graphic</Filter>
    </ClInclude>
    <ClInclude Include="src\graphic\rasterizerstate.hpp">
      <Filter>Source Files\graphic</Filter>
    </ClInclude>
    <ClInclude Include="src\graphic\samplerstate.hpp">
      <Filter>Source Files\graphic</Filter>
    </ClInclude>
    <ClInclude Include="src\graphic\blendstate.hpp">
      <Filter>Source Files\graphic</Filter>
    </ClInclude>
    <ClInclude Include="src\graphic\depthstencilstate.hpp">
      <Filter>Source Files\graphic</Filter>
    </ClInclude>
    <ClInclude Include="src\opengl.hpp">
      <Filter>Source Files</Filter>
    </ClInclude>
    <ClInclude Include="src\graphic\uniformbuffer.hpp">
      <Filter>Source Files\graphic</Filter>
    </ClInclude>
    <ClInclude Include="src\graphic\vertexbuffer.hpp">
      <Filter>Source Files\graphic</Filter>
    </ClInclude>
    <ClInclude Include="src\math\matrix.hpp">
      <Filter>Source Files\math</Filter>
    </ClInclude>
    <ClInclude Include="src\math\plane.hpp">
      <Filter>Source Files\math</Filter>
    </ClInclude>
    <ClInclude Include="src\math\vector2.hpp">
      <Filter>Source Files\math</Filter>
    </ClInclude>
    <ClInclude Include="src\math\vector3.hpp">
      <Filter>Source Files\math</Filter>
    </ClInclude>
    <ClInclude Include="src\math\vector4.hpp">
      <Filter>Source Files\math</Filter>
    </ClInclude>
    <ClInclude Include="src\math\math.hpp">
      <Filter>Source Files\math</Filter>
    </ClInclude>
    <ClInclude Include="src\math\mathbase.hpp">
      <Filter>Source Files\math</Filter>
    </ClInclude>
    <ClInclude Include="src\voxel\voxel.hpp">
      <Filter>Source Files\voxel</Filter>
    </ClInclude>
    <ClInclude Include="src\generators\asteroid.hpp">
      <Filter>Source Files\generators</Filter>
    </ClInclude>
    <ClInclude Include="src\graphic\font.hpp">
      <Filter>Source Files\graphic</Filter>
    </ClInclude>
    <ClInclude Include="src\generators\random.hpp">
      <Filter>Source Files\generators</Filter>
    </ClInclude>
    <ClInclude Include="src\timer.hpp">
      <Filter>Source Files</Filter>
    </ClInclude>
    <ClInclude Include="src\input\input.hpp">
      <Filter>Source Files\input</Filter>
    </ClInclude>
    <ClInclude Include="src\input\camera.hpp">
      <Filter>Source Files\input</Filter>
    </ClInclude>
    <ClInclude Include="src\predeclarations.hpp">
      <Filter>Source Files</Filter>
    </ClInclude>
    <ClInclude Include="src\math\sphere.hpp">
      <Filter>Source Files\math</Filter>
    </ClInclude>
    <ClInclude Include="src\graphic\content.hpp">
      <Filter>Source Files\graphic</Filter>
    </ClInclude>
  </ItemGroup>
  <ItemGroup>
    <None Include="shader\voxel.ps">
      <Filter>Resource Files</Filter>
    </None>
    <None Include="shader\voxel.vs">
      <Filter>Resource Files</Filter>
    </None>
    <None Include="shader\voxel.gs">
      <Filter>Resource Files</Filter>
    </None>
    <None Include="shader\font.ps">
      <Filter>Resource Files</Filter>
    </None>
    <None Include="shader\font.vs">
      <Filter>Resource Files</Filter>
    </None>
    <None Include="shader\font.gs">
      <Filter>Resource Files</Filter>
    </None>
  </ItemGroup>
</Project>